// !$*UTF8*$!
{
	archiveVersion = 1;
	classes = {
	};
	objectVersion = 46;
	objects = {

/* Begin PBXBuildFile section */
		B31FCAC01AC49CC200960122 /* AppDelegate.m in Sources */ = {isa = PBXBuildFile; fileRef = B31FCABF1AC49CC200960122 /* AppDelegate.m */; };
		B31FCAC21AC49CC200960122 /* main.m in Sources */ = {isa = PBXBuildFile; fileRef = B31FCAC11AC49CC200960122 /* main.m */; };
		B31FCAC41AC49CC200960122 /* Images.xcassets in Resources */ = {isa = PBXBuildFile; fileRef = B31FCAC31AC49CC200960122 /* Images.xcassets */; };
		B31FCAC71AC49CC200960122 /* wirelessBrowser.xib in Resources */ = {isa = PBXBuildFile; fileRef = B31FCAC51AC49CC200960122 /* wirelessBrowser.xib */; };
		B31FCAD31AC49CC300960122 /* wirelessBrowserTests.m in Sources */ = {isa = PBXBuildFile; fileRef = B31FCAD21AC49CC300960122 /* wirelessBrowserTests.m */; };
		B31FCADE1AC49D0A00960122 /* wirelessBrowserController.m in Sources */ = {isa = PBXBuildFile; fileRef = B31FCADD1AC49D0A00960122 /* wirelessBrowserController.m */; };
		B31FCAE91AC49E7800960122 /* CorePlot.framework in Frameworks */ = {isa = PBXBuildFile; fileRef = B31FCAE61AC49E6A00960122 /* CorePlot.framework */; };
		B36D92441AC6371200E55B92 /* Localizable.strings in Resources */ = {isa = PBXBuildFile; fileRef = B36D92401AC6371200E55B92 /* Localizable.strings */; };
		B36D92451AC6371200E55B92 /* wirelessBrowser.xib in Resources */ = {isa = PBXBuildFile; fileRef = B36D92421AC6371200E55B92 /* wirelessBrowser.xib */; };
		B36D92461AC6389E00E55B92 /* CorePlot.framework in Frameworks */ = {isa = PBXBuildFile; fileRef = B31FCAE61AC49E6A00960122 /* CorePlot.framework */; };
		B36D92471AC6389E00E55B92 /* CorePlot.framework in Embed Frameworks */ = {isa = PBXBuildFile; fileRef = B31FCAE61AC49E6A00960122 /* CorePlot.framework */; settings = {ATTRIBUTES = (CodeSignOnCopy, RemoveHeadersOnCopy, ); }; };
/* End PBXBuildFile section */

/* Begin PBXContainerItemProxy section */
		B31FCACD1AC49CC300960122 /* PBXContainerItemProxy */ = {
			isa = PBXContainerItemProxy;
			containerPortal = B31FCAB11AC49CC200960122 /* Project object */;
			proxyType = 1;
			remoteGlobalIDString = B31FCAB81AC49CC200960122;
			remoteInfo = wirelessBrowser;
		};
		B31FCAE51AC49E6A00960122 /* PBXContainerItemProxy */ = {
			isa = PBXContainerItemProxy;
			containerPortal = B31FCADF1AC49E6A00960122 /* CorePlot.xcodeproj */;
			proxyType = 2;
			remoteGlobalIDString = 8DC2EF5B0486A6940098B216;
			remoteInfo = CorePlot;
		};
		B31FCAE71AC49E6A00960122 /* PBXContainerItemProxy */ = {
			isa = PBXContainerItemProxy;
			containerPortal = B31FCADF1AC49E6A00960122 /* CorePlot.xcodeproj */;
			proxyType = 2;
			remoteGlobalIDString = 0730F600109492D800E95162;
			remoteInfo = UnitTests;
		};
		B36D92481AC6389E00E55B92 /* PBXContainerItemProxy */ = {
			isa = PBXContainerItemProxy;
			containerPortal = B31FCADF1AC49E6A00960122 /* CorePlot.xcodeproj */;
			proxyType = 1;
			remoteGlobalIDString = 8DC2EF4F0486A6940098B216;
			remoteInfo = CorePlot;
		};
/* End PBXContainerItemProxy section */

/* Begin PBXCopyFilesBuildPhase section */
		B36D924A1AC6389E00E55B92 /* Embed Frameworks */ = {
			isa = PBXCopyFilesBuildPhase;
			buildActionMask = 2147483647;
			dstPath = "";
			dstSubfolderSpec = 10;
			files = (
				B36D92471AC6389E00E55B92 /* CorePlot.framework in Embed Frameworks */,
			);
			name = "Embed Frameworks";
			runOnlyForDeploymentPostprocessing = 0;
		};
/* End PBXCopyFilesBuildPhase section */

/* Begin PBXFileReference section */
		B31FCAB91AC49CC200960122 /* wirelessBrowser.app */ = {isa = PBXFileReference; explicitFileType = wrapper.application; includeInIndex = 0; path = wirelessBrowser.app; sourceTree = BUILT_PRODUCTS_DIR; };
		B31FCABD1AC49CC200960122 /* Info.plist */ = {isa = PBXFileReference; lastKnownFileType = text.plist.xml; path = Info.plist; sourceTree = "<group>"; };
		B31FCABE1AC49CC200960122 /* AppDelegate.h */ = {isa = PBXFileReference; lastKnownFileType = sourcecode.c.h; path = AppDelegate.h; sourceTree = "<group>"; };
		B31FCABF1AC49CC200960122 /* AppDelegate.m */ = {isa = PBXFileReference; lastKnownFileType = sourcecode.c.objc; path = AppDelegate.m; sourceTree = "<group>"; };
		B31FCAC11AC49CC200960122 /* main.m */ = {isa = PBXFileReference; lastKnownFileType = sourcecode.c.objc; path = main.m; sourceTree = "<group>"; };
		B31FCAC31AC49CC200960122 /* Images.xcassets */ = {isa = PBXFileReference; lastKnownFileType = folder.assetcatalog; path = Images.xcassets; sourceTree = "<group>"; };
		B31FCACC1AC49CC300960122 /* wirelessBrowserTests.xctest */ = {isa = PBXFileReference; explicitFileType = wrapper.cfbundle; includeInIndex = 0; path = wirelessBrowserTests.xctest; sourceTree = BUILT_PRODUCTS_DIR; };
		B31FCAD11AC49CC300960122 /* Info.plist */ = {isa = PBXFileReference; lastKnownFileType = text.plist.xml; path = Info.plist; sourceTree = "<group>"; };
		B31FCAD21AC49CC300960122 /* wirelessBrowserTests.m */ = {isa = PBXFileReference; lastKnownFileType = sourcecode.c.objc; path = wirelessBrowserTests.m; sourceTree = "<group>"; };
		B31FCADC1AC49D0A00960122 /* wirelessBrowserController.h */ = {isa = PBXFileReference; fileEncoding = 4; lastKnownFileType = sourcecode.c.h; path = wirelessBrowserController.h; sourceTree = "<group>"; };
		B31FCADD1AC49D0A00960122 /* wirelessBrowserController.m */ = {isa = PBXFileReference; fileEncoding = 4; lastKnownFileType = sourcecode.c.objc; path = wirelessBrowserController.m; sourceTree = "<group>"; };
		B31FCADF1AC49E6A00960122 /* CorePlot.xcodeproj */ = {isa = PBXFileReference; lastKnownFileType = "wrapper.pb-project"; name = CorePlot.xcodeproj; path = "../tools/core-plot/framework/CorePlot.xcodeproj"; sourceTree = "<group>"; };
		B36D92391AC634C900E55B92 /* en */ = {isa = PBXFileReference; lastKnownFileType = file.xib; name = en; path = en.lproj/wirelessBrowser.xib; sourceTree = "<group>"; };
		B36D923D1AC635EA00E55B92 /* Base */ = {isa = PBXFileReference; lastKnownFileType = file.xib; name = Base; path = Base.lproj/wirelessBrowser.xib; sourceTree = "<group>"; };
		B36D923E1AC635F000E55B92 /* ru */ = {isa = PBXFileReference; lastKnownFileType = file.xib; name = ru; path = ru.lproj/wirelessBrowser.xib; sourceTree = "<group>"; };
		B36D92411AC6371200E55B92 /* ru */ = {isa = PBXFileReference; lastKnownFileType = text.plist.strings; name = ru; path = Localizable.strings; sourceTree = "<group>"; };
		B36D92431AC6371200E55B92 /* ru */ = {isa = PBXFileReference; lastKnownFileType = file.xib; name = ru; path = wirelessBrowser.xib; sourceTree = "<group>"; };
/* End PBXFileReference section */

/* Begin PBXFrameworksBuildPhase section */
		B31FCAB61AC49CC200960122 /* Frameworks */ = {
			isa = PBXFrameworksBuildPhase;
			buildActionMask = 2147483647;
			files = (
				B36D92461AC6389E00E55B92 /* CorePlot.framework in Frameworks */,
				B31FCAE91AC49E7800960122 /* CorePlot.framework in Frameworks */,
			);
			runOnlyForDeploymentPostprocessing = 0;
		};
		B31FCAC91AC49CC300960122 /* Frameworks */ = {
			isa = PBXFrameworksBuildPhase;
			buildActionMask = 2147483647;
			files = (
			);
			runOnlyForDeploymentPostprocessing = 0;
		};
/* End PBXFrameworksBuildPhase section */

/* Begin PBXGroup section */
		B31FCAB01AC49CC200960122 = {
			isa = PBXGroup;
			children = (
				B31FCADF1AC49E6A00960122 /* CorePlot.xcodeproj */,
				B31FCABB1AC49CC200960122 /* wirelessBrowser */,
				B31FCACF1AC49CC300960122 /* wirelessBrowserTests */,
				B31FCABA1AC49CC200960122 /* Products */,
			);
			sourceTree = "<group>";
		};
		B31FCABA1AC49CC200960122 /* Products */ = {
			isa = PBXGroup;
			children = (
				B31FCAB91AC49CC200960122 /* wirelessBrowser.app */,
				B31FCACC1AC49CC300960122 /* wirelessBrowserTests.xctest */,
			);
			name = Products;
			sourceTree = "<group>";
		};
		B31FCABB1AC49CC200960122 /* wirelessBrowser */ = {
			isa = PBXGroup;
			children = (
				B31FCABE1AC49CC200960122 /* AppDelegate.h */,
				B31FCABF1AC49CC200960122 /* AppDelegate.m */,
				B31FCAC31AC49CC200960122 /* Images.xcassets */,
				B31FCADC1AC49D0A00960122 /* wirelessBrowserController.h */,
				B31FCADD1AC49D0A00960122 /* wirelessBrowserController.m */,
				B31FCAC51AC49CC200960122 /* wirelessBrowser.xib */,
				B36D923F1AC6371200E55B92 /* ru.lproj */,
				B31FCABC1AC49CC200960122 /* Supporting Files */,
			);
			path = wirelessBrowser;
			sourceTree = "<group>";
		};
		B31FCABC1AC49CC200960122 /* Supporting Files */ = {
			isa = PBXGroup;
			children = (
				B31FCABD1AC49CC200960122 /* Info.plist */,
				B31FCAC11AC49CC200960122 /* main.m */,
			);
			name = "Supporting Files";
			sourceTree = "<group>";
		};
		B31FCACF1AC49CC300960122 /* wirelessBrowserTests */ = {
			isa = PBXGroup;
			children = (
				B31FCAD21AC49CC300960122 /* wirelessBrowserTests.m */,
				B31FCAD01AC49CC300960122 /* Supporting Files */,
			);
			path = wirelessBrowserTests;
			sourceTree = "<group>";
		};
		B31FCAD01AC49CC300960122 /* Supporting Files */ = {
			isa = PBXGroup;
			children = (
				B31FCAD11AC49CC300960122 /* Info.plist */,
			);
			name = "Supporting Files";
			sourceTree = "<group>";
		};
		B31FCAE01AC49E6A00960122 /* Products */ = {
			isa = PBXGroup;
			children = (
				B31FCAE61AC49E6A00960122 /* CorePlot.framework */,
				B31FCAE81AC49E6A00960122 /* UnitTests.xctest */,
			);
			name = Products;
			sourceTree = "<group>";
		};
		B36D923F1AC6371200E55B92 /* ru.lproj */ = {
			isa = PBXGroup;
			children = (
				B36D92401AC6371200E55B92 /* Localizable.strings */,
				B36D92421AC6371200E55B92 /* wirelessBrowser.xib */,
			);
			path = ru.lproj;
			sourceTree = "<group>";
		};
/* End PBXGroup section */

/* Begin PBXNativeTarget section */
		B31FCAB81AC49CC200960122 /* wirelessBrowser */ = {
			isa = PBXNativeTarget;
			buildConfigurationList = B31FCAD61AC49CC300960122 /* Build configuration list for PBXNativeTarget "wirelessBrowser" */;
			buildPhases = (
				B31FCAB51AC49CC200960122 /* Sources */,
				B31FCAB61AC49CC200960122 /* Frameworks */,
				B31FCAB71AC49CC200960122 /* Resources */,
				B36D924A1AC6389E00E55B92 /* Embed Frameworks */,
			);
			buildRules = (
			);
			dependencies = (
				B36D92491AC6389E00E55B92 /* PBXTargetDependency */,
			);
			name = wirelessBrowser;
			productName = wirelessBrowser;
			productReference = B31FCAB91AC49CC200960122 /* wirelessBrowser.app */;
			productType = "com.apple.product-type.application";
		};
		B31FCACB1AC49CC300960122 /* wirelessBrowserTests */ = {
			isa = PBXNativeTarget;
			buildConfigurationList = B31FCAD91AC49CC300960122 /* Build configuration list for PBXNativeTarget "wirelessBrowserTests" */;
			buildPhases = (
				B31FCAC81AC49CC300960122 /* Sources */,
				B31FCAC91AC49CC300960122 /* Frameworks */,
				B31FCACA1AC49CC300960122 /* Resources */,
			);
			buildRules = (
			);
			dependencies = (
				B31FCACE1AC49CC300960122 /* PBXTargetDependency */,
			);
			name = wirelessBrowserTests;
			productName = wirelessBrowserTests;
			productReference = B31FCACC1AC49CC300960122 /* wirelessBrowserTests.xctest */;
			productType = "com.apple.product-type.bundle.unit-test";
		};
/* End PBXNativeTarget section */

/* Begin PBXProject section */
		B31FCAB11AC49CC200960122 /* Project object */ = {
			isa = PBXProject;
			attributes = {
				LastUpgradeCheck = 0620;
				ORGANIZATIONNAME = "Nasedkin Leonid";
				TargetAttributes = {
					B31FCAB81AC49CC200960122 = {
						CreatedOnToolsVersion = 6.2;
					};
					B31FCACB1AC49CC300960122 = {
						CreatedOnToolsVersion = 6.2;
						TestTargetID = B31FCAB81AC49CC200960122;
					};
				};
			};
			buildConfigurationList = B31FCAB41AC49CC200960122 /* Build configuration list for PBXProject "wirelessBrowser" */;
			compatibilityVersion = "Xcode 3.2";
			developmentRegion = English;
			hasScannedForEncodings = 0;
			knownRegions = (
				en,
				Base,
				ru,
			);
			mainGroup = B31FCAB01AC49CC200960122;
			productRefGroup = B31FCABA1AC49CC200960122 /* Products */;
			projectDirPath = "";
			projectReferences = (
				{
					ProductGroup = B31FCAE01AC49E6A00960122 /* Products */;
					ProjectRef = B31FCADF1AC49E6A00960122 /* CorePlot.xcodeproj */;
				},
			);
			projectRoot = "";
			targets = (
				B31FCAB81AC49CC200960122 /* wirelessBrowser */,
				B31FCACB1AC49CC300960122 /* wirelessBrowserTests */,
			);
		};
/* End PBXProject section */

/* Begin PBXReferenceProxy section */
		B31FCAE61AC49E6A00960122 /* CorePlot.framework */ = {
			isa = PBXReferenceProxy;
			fileType = wrapper.framework;
			path = CorePlot.framework;
			remoteRef = B31FCAE51AC49E6A00960122 /* PBXContainerItemProxy */;
			sourceTree = BUILT_PRODUCTS_DIR;
		};
		B31FCAE81AC49E6A00960122 /* UnitTests.xctest */ = {
			isa = PBXReferenceProxy;
			fileType = wrapper.cfbundle;
			path = UnitTests.xctest;
			remoteRef = B31FCAE71AC49E6A00960122 /* PBXContainerItemProxy */;
			sourceTree = BUILT_PRODUCTS_DIR;
		};
/* End PBXReferenceProxy section */

/* Begin PBXResourcesBuildPhase section */
		B31FCAB71AC49CC200960122 /* Resources */ = {
			isa = PBXResourcesBuildPhase;
			buildActionMask = 2147483647;
			files = (
				B31FCAC41AC49CC200960122 /* Images.xcassets in Resources */,
				B36D92441AC6371200E55B92 /* Localizable.strings in Resources */,
				B36D92451AC6371200E55B92 /* wirelessBrowser.xib in Resources */,
				B31FCAC71AC49CC200960122 /* wirelessBrowser.xib in Resources */,
			);
			runOnlyForDeploymentPostprocessing = 0;
		};
		B31FCACA1AC49CC300960122 /* Resources */ = {
			isa = PBXResourcesBuildPhase;
			buildActionMask = 2147483647;
			files = (
			);
			runOnlyForDeploymentPostprocessing = 0;
		};
/* End PBXResourcesBuildPhase section */

/* Begin PBXSourcesBuildPhase section */
		B31FCAB51AC49CC200960122 /* Sources */ = {
			isa = PBXSourcesBuildPhase;
			buildActionMask = 2147483647;
			files = (
				B31FCADE1AC49D0A00960122 /* wirelessBrowserController.m in Sources */,
				B31FCAC21AC49CC200960122 /* main.m in Sources */,
				B31FCAC01AC49CC200960122 /* AppDelegate.m in Sources */,
			);
			runOnlyForDeploymentPostprocessing = 0;
		};
		B31FCAC81AC49CC300960122 /* Sources */ = {
			isa = PBXSourcesBuildPhase;
			buildActionMask = 2147483647;
			files = (
				B31FCAD31AC49CC300960122 /* wirelessBrowserTests.m in Sources */,
			);
			runOnlyForDeploymentPostprocessing = 0;
		};
/* End PBXSourcesBuildPhase section */

/* Begin PBXTargetDependency section */
		B31FCACE1AC49CC300960122 /* PBXTargetDependency */ = {
			isa = PBXTargetDependency;
			target = B31FCAB81AC49CC200960122 /* wirelessBrowser */;
			targetProxy = B31FCACD1AC49CC300960122 /* PBXContainerItemProxy */;
		};
		B36D92491AC6389E00E55B92 /* PBXTargetDependency */ = {
			isa = PBXTargetDependency;
			name = CorePlot;
			targetProxy = B36D92481AC6389E00E55B92 /* PBXContainerItemProxy */;
		};
/* End PBXTargetDependency section */

/* Begin PBXVariantGroup section */
		B31FCAC51AC49CC200960122 /* wirelessBrowser.xib */ = {
			isa = PBXVariantGroup;
			children = (
				B36D92391AC634C900E55B92 /* en */,
				B36D923D1AC635EA00E55B92 /* Base */,
				B36D923E1AC635F000E55B92 /* ru */,
			);
			name = wirelessBrowser.xib;
			sourceTree = "<group>";
		};
		B36D92401AC6371200E55B92 /* Localizable.strings */ = {
			isa = PBXVariantGroup;
			children = (
				B36D92411AC6371200E55B92 /* ru */,
			);
			name = Localizable.strings;
			sourceTree = "<group>";
		};
		B36D92421AC6371200E55B92 /* wirelessBrowser.xib */ = {
			isa = PBXVariantGroup;
			children = (
				B36D92431AC6371200E55B92 /* ru */,
			);
			name = wirelessBrowser.xib;
			sourceTree = "<group>";
		};
/* End PBXVariantGroup section */

/* Begin XCBuildConfiguration section */
		B31FCAD41AC49CC300960122 /* Debug */ = {
			isa = XCBuildConfiguration;
			buildSettings = {
				ALWAYS_SEARCH_USER_PATHS = NO;
				CLANG_CXX_LANGUAGE_STANDARD = "gnu++0x";
				CLANG_CXX_LIBRARY = "libc++";
				CLANG_ENABLE_MODULES = YES;
				CLANG_ENABLE_OBJC_ARC = YES;
				CLANG_WARN_BOOL_CONVERSION = YES;
				CLANG_WARN_CONSTANT_CONVERSION = YES;
				CLANG_WARN_DIRECT_OBJC_ISA_USAGE = YES_ERROR;
				CLANG_WARN_EMPTY_BODY = YES;
				CLANG_WARN_ENUM_CONVERSION = YES;
				CLANG_WARN_INT_CONVERSION = YES;
				CLANG_WARN_OBJC_ROOT_CLASS = YES_ERROR;
				CLANG_WARN_UNREACHABLE_CODE = YES;
				CLANG_WARN__DUPLICATE_METHOD_MATCH = YES;
				CODE_SIGN_IDENTITY = "-";
				COPY_PHASE_STRIP = NO;
				ENABLE_STRICT_OBJC_MSGSEND = YES;
				GCC_C_LANGUAGE_STANDARD = gnu99;
				GCC_DYNAMIC_NO_PIC = NO;
				GCC_OPTIMIZATION_LEVEL = 0;
				GCC_PREPROCESSOR_DEFINITIONS = (
					"DEBUG=1",
					"$(inherited)",
				);
				GCC_SYMBOLS_PRIVATE_EXTERN = NO;
				GCC_WARN_64_TO_32_BIT_CONVERSION = YES;
				GCC_WARN_ABOUT_RETURN_TYPE = YES_ERROR;
				GCC_WARN_UNDECLARED_SELECTOR = YES;
				GCC_WARN_UNINITIALIZED_AUTOS = YES_AGGRESSIVE;
				GCC_WARN_UNUSED_FUNCTION = YES;
				GCC_WARN_UNUSED_VARIABLE = YES;
				MACOSX_DEPLOYMENT_TARGET = 10.10;
				MTL_ENABLE_DEBUG_INFO = YES;
				ONLY_ACTIVE_ARCH = YES;
				SDKROOT = macosx;
			};
			name = Debug;
		};
		B31FCAD51AC49CC300960122 /* Release */ = {
			isa = XCBuildConfiguration;
			buildSettings = {
				ALWAYS_SEARCH_USER_PATHS = NO;
				CLANG_CXX_LANGUAGE_STANDARD = "gnu++0x";
				CLANG_CXX_LIBRARY = "libc++";
				CLANG_ENABLE_MODULES = YES;
				CLANG_ENABLE_OBJC_ARC = YES;
				CLANG_WARN_BOOL_CONVERSION = YES;
				CLANG_WARN_CONSTANT_CONVERSION = YES;
				CLANG_WARN_DIRECT_OBJC_ISA_USAGE = YES_ERROR;
				CLANG_WARN_EMPTY_BODY = YES;
				CLANG_WARN_ENUM_CONVERSION = YES;
				CLANG_WARN_INT_CONVERSION = YES;
				CLANG_WARN_OBJC_ROOT_CLASS = YES_ERROR;
				CLANG_WARN_UNREACHABLE_CODE = YES;
				CLANG_WARN__DUPLICATE_METHOD_MATCH = YES;
				CODE_SIGN_IDENTITY = "-";
				COPY_PHASE_STRIP = NO;
				DEBUG_INFORMATION_FORMAT = "dwarf-with-dsym";
				ENABLE_NS_ASSERTIONS = NO;
				ENABLE_STRICT_OBJC_MSGSEND = YES;
				GCC_C_LANGUAGE_STANDARD = gnu99;
				GCC_WARN_64_TO_32_BIT_CONVERSION = YES;
				GCC_WARN_ABOUT_RETURN_TYPE = YES_ERROR;
				GCC_WARN_UNDECLARED_SELECTOR = YES;
				GCC_WARN_UNINITIALIZED_AUTOS = YES_AGGRESSIVE;
				GCC_WARN_UNUSED_FUNCTION = YES;
				GCC_WARN_UNUSED_VARIABLE = YES;
				MACOSX_DEPLOYMENT_TARGET = 10.10;
				MTL_ENABLE_DEBUG_INFO = NO;
				SDKROOT = macosx;
			};
			name = Release;
		};
		B31FCAD71AC49CC300960122 /* Debug */ = {
			isa = XCBuildConfiguration;
			buildSettings = {
				ASSETCATALOG_COMPILER_APPICON_NAME = AppIcon;
				COMBINE_HIDPI_IMAGES = YES;
				INFOPLIST_FILE = wirelessBrowser/Info.plist;
				LD_RUNPATH_SEARCH_PATHS = "$(inherited) @executable_path/../Frameworks";
				MACOSX_DEPLOYMENT_TARGET = 10.7;
				PRODUCT_NAME = "Wireless Browser";
			};
			name = Debug;
		};
		B31FCAD81AC49CC300960122 /* Release */ = {
			isa = XCBuildConfiguration;
			buildSettings = {
				ASSETCATALOG_COMPILER_APPICON_NAME = AppIcon;
				COMBINE_HIDPI_IMAGES = YES;
				INFOPLIST_FILE = wirelessBrowser/Info.plist;
				LD_RUNPATH_SEARCH_PATHS = "$(inherited) @executable_path/../Frameworks";
				MACOSX_DEPLOYMENT_TARGET = 10.7;
				PRODUCT_NAME = "Wireless Browser";
			};
			name = Release;
		};
		B31FCADA1AC49CC300960122 /* Debug */ = {
			isa = XCBuildConfiguration;
			buildSettings = {
				BUNDLE_LOADER = "$(TEST_HOST)";
				COMBINE_HIDPI_IMAGES = YES;
				FRAMEWORK_SEARCH_PATHS = (
					"$(DEVELOPER_FRAMEWORKS_DIR)",
					"$(inherited)",
				);
				GCC_PREPROCESSOR_DEFINITIONS = (
					"DEBUG=1",
					"$(inherited)",
				);
				INFOPLIST_FILE = wirelessBrowserTests/Info.plist;
				LD_RUNPATH_SEARCH_PATHS = "$(inherited) @executable_path/../Frameworks @loader_path/../Frameworks";
				PRODUCT_NAME = "$(TARGET_NAME)";
				TEST_HOST = "$(BUILT_PRODUCTS_DIR)/wirelessBrowser.app/Contents/MacOS/wirelessBrowser";
			};
			name = Debug;
		};
		B31FCADB1AC49CC300960122 /* Release */ = {
			isa = XCBuildConfiguration;
			buildSettings = {
				BUNDLE_LOADER = "$(TEST_HOST)";
				COMBINE_HIDPI_IMAGES = YES;
				FRAMEWORK_SEARCH_PATHS = (
					"$(DEVELOPER_FRAMEWORKS_DIR)",
					"$(inherited)",
				);
				INFOPLIST_FILE = wirelessBrowserTests/Info.plist;
				LD_RUNPATH_SEARCH_PATHS = "$(inherited) @executable_path/../Frameworks @loader_path/../Frameworks";
				PRODUCT_NAME = "$(TARGET_NAME)";
				TEST_HOST = "$(BUILT_PRODUCTS_DIR)/wirelessBrowser.app/Contents/MacOS/wirelessBrowser";
			};
			name = Release;
		};
/* End XCBuildConfiguration section */

/* Begin XCConfigurationList section */
		B31FCAB41AC49CC200960122 /* Build configuration list for PBXProject "wirelessBrowser" */ = {
			isa = XCConfigurationList;
			buildConfigurations = (
				B31FCAD41AC49CC300960122 /* Debug */,
				B31FCAD51AC49CC300960122 /* Release */,
			);
			defaultConfigurationIsVisible = 0;
			defaultConfigurationName = Release;
		};
		B31FCAD61AC49CC300960122 /* Build configuration list for PBXNativeTarget "wirelessBrowser" */ = {
			isa = XCConfigurationList;
			buildConfigurations = (
				B31FCAD71AC49CC300960122 /* Debug */,
				B31FCAD81AC49CC300960122 /* Release */,
			);
			defaultConfigurationIsVisible = 0;
			defaultConfigurationName = Release;
		};
		B31FCAD91AC49CC300960122 /* Build configuration list for PBXNativeTarget "wirelessBrowserTests" */ = {
			isa = XCConfigurationList;
			buildConfigurations = (
				B31FCADA1AC49CC300960122 /* Debug */,
				B31FCADB1AC49CC300960122 /* Release */,
			);
			defaultConfigurationIsVisible = 0;
			defaultConfigurationName = Release;
		};
/* End XCConfigurationList section */
	};
	rootObject = B31FCAB11AC49CC200960122 /* Project object */;
}
